
Microsoft Visual Studio Solution File, Format Version 12.00
# Visual Studio Version 16
VisualStudioVersion = 16.0.31321.278
MinimumVisualStudioVersion = 10.0.40219.1
Project("{FAE04EC0-301F-11D3-BF4B-00C04F79EFBC}") = "SMCL", "SMCL\SMCL.csproj", "{59253075-E3FF-44BE-892B-E4BF27D166C2}"
EndProject
Project("{2150E333-8FDC-42A3-9474-1A3956D46DE8}") = "Test", "Test", "{4CA6D3DE-A0BE-4AC5-9E62-FDF02738A729}"
EndProject
Project("{FAE04EC0-301F-11D3-BF4B-00C04F79EFBC}") = "MCLTest", "MCLTest\MCLTest.csproj", "{CED57AFE-FA35-4B6F-8F27-005F08716EE4}"
EndProject
Project("{FAE04EC0-301F-11D3-BF4B-00C04F79EFBC}") = "CefSharpTest", "CefSharpTest\CefSharpTest.csproj", "{84382584-359E-4674-9278-456283F74C12}"
EndProject
Project("{9A19103F-16F7-4668-BE54-9A1E7A4F7556}") = "Updater", "Updater\Updater.csproj", "{4B86C919-642A-43B2-AD6C-39337384D3A5}"
EndProject
Project("{FAE04EC0-301F-11D3-BF4B-00C04F79EFBC}") = "WpfApp1", "WpfApp1\WpfApp1.csproj", "{67060F24-9B7E-4B38-975A-B86FD48A7ECE}"
EndProject
Global
	GlobalSection(SolutionConfigurationPlatforms) = preSolution
		Debug|Any CPU = Debug|Any CPU
		Release|Any CPU = Release|Any CPU
	EndGlobalSection
	GlobalSection(ProjectConfigurationPlatforms) = postSolution
		{59253075-E3FF-44BE-892B-E4BF27D166C2}.Debug|Any CPU.ActiveCfg = Debug|Any CPU
		{59253075-E3FF-44BE-892B-E4BF27D166C2}.Debug|Any CPU.Build.0 = Debug|Any CPU
		{59253075-E3FF-44BE-892B-E4BF27D166C2}.Release|Any CPU.ActiveCfg = Release|Any CPU
		{59253075-E3FF-44BE-892B-E4BF27D166C2}.Release|Any CPU.Build.0 = Release|Any CPU
		{CED57AFE-FA35-4B6F-8F27-005F08716EE4}.Debug|Any CPU.ActiveCfg = Debug|Any CPU
		{CED57AFE-FA35-4B6F-8F27-005F08716EE4}.Debug|Any CPU.Build.0 = Debug|Any CPU
		{CED57AFE-FA35-4B6F-8F27-005F08716EE4}.Release|Any CPU.ActiveCfg = Release|Any CPU
		{CED57AFE-FA35-4B6F-8F27-005F08716EE4}.Release|Any CPU.Build.0 = Release|Any CPU
		{84382584-359E-4674-9278-456283F74C12}.Debug|Any CPU.ActiveCfg = Debug|Any CPU
		{84382584-359E-4674-9278-456283F74C12}.Debug|Any CPU.Build.0 = Debug|Any CPU
		{84382584-359E-4674-9278-456283F74C12}.Release|Any CPU.ActiveCfg = Release|Any CPU
		{84382584-359E-4674-9278-456283F74C12}.Release|Any CPU.Build.0 = Release|Any CPU
		{4B86C919-642A-43B2-AD6C-39337384D3A5}.Debug|Any CPU.ActiveCfg = Debug|Any CPU
		{4B86C919-642A-43B2-AD6C-39337384D3A5}.Debug|Any CPU.Build.0 = Debug|Any CPU
		{4B86C919-642A-43B2-AD6C-39337384D3A5}.Release|Any CPU.ActiveCfg = Release|Any CPU
		{4B86C919-642A-43B2-AD6C-39337384D3A5}.Release|Any CPU.Build.0 = Release|Any CPU
		{67060F24-9B7E-4B38-975A-B86FD48A7ECE}.Debug|Any CPU.ActiveCfg = Debug|Any CPU
		{67060F24-9B7E-4B38-975A-B86FD48A7ECE}.Debug|Any CPU.Build.0 = Debug|Any CPU
		{67060F24-9B7E-4B38-975A-B86FD48A7ECE}.Release|Any CPU.ActiveCfg = Release|Any CPU
		{67060F24-9B7E-4B38-975A-B86FD48A7ECE}.Release|Any CPU.Build.0 = Release|Any CPU
	EndGlobalSection
	GlobalSection(SolutionProperties) = preSolution
		HideSolutionNode = FALSE
	EndGlobalSection
	GlobalSection(NestedProjects) = preSolution
		{CED57AFE-FA35-4B6F-8F27-005F08716EE4} = {4CA6D3DE-A0BE-4AC5-9E62-FDF02738A729}
		{84382584-359E-4674-9278-456283F74C12} = {4CA6D3DE-A0BE-4AC5-9E62-FDF02738A729}
		{4B86C919-642A-43B2-AD6C-39337384D3A5} = {4CA6D3DE-A0BE-4AC5-9E62-FDF02738A729}
		{67060F24-9B7E-4B38-975A-B86FD48A7ECE} = {4CA6D3DE-A0BE-4AC5-9E62-FDF02738A729}
	EndGlobalSection
	GlobalSection(ExtensibilityGlobals) = postSolution
		SolutionGuid = {D7F65E2E-761A-4D34-B29E-0B69AD0A4B65}
	EndGlobalSection
EndGlobal
